
Microsoft Visual Studio Solution File, Format Version 12.00
# Visual Studio Version 16
VisualStudioVersion = 16.0.30406.217
MinimumVisualStudioVersion = 10.0.40219.1
Project("{2150E333-8FDC-42A3-9474-1A3956D46DE8}") = "01.Cliente", "01.Cliente", "{FD0B96C1-A02D-420C-B8A3-19BDD87031CC}"
EndProject
Project("{2150E333-8FDC-42A3-9474-1A3956D46DE8}") = "03.Servicios", "03.Servicios", "{A6E381E2-3D26-4FAD-8361-9AAFE20BD97B}"
EndProject
Project("{2150E333-8FDC-42A3-9474-1A3956D46DE8}") = "01.Identidad", "01.Identidad", "{5464E25F-534E-49C2-BCE8-B07CB2927640}"
EndProject
Project("{2150E333-8FDC-42A3-9474-1A3956D46DE8}") = "02.Catalogo", "02.Catalogo", "{2312256E-9C85-4509-BAE6-0EB335766185}"
EndProject
Project("{2150E333-8FDC-42A3-9474-1A3956D46DE8}") = "03.Pedido", "03.Pedido", "{B893929E-133E-42CE-9CFF-5980B4B62B54}"
EndProject
Project("{9A19103F-16F7-4668-BE54-9A1E7A4F7556}") = "Catalogo.Api", "src\Servicios\Catalogo\Catalogo.Api\Catalogo.Api.csproj", "{4ECA5356-3C0B-41EB-AB95-EAD0AC0F1265}"
EndProject
Project("{2150E333-8FDC-42A3-9474-1A3956D46DE8}") = "01.Api", "01.Api", "{F8876357-0C07-4413-B654-A13AC95EF6BB}"
EndProject
Project("{2150E333-8FDC-42A3-9474-1A3956D46DE8}") = "02.Servicio", "02.Servicio", "{7DF5FB6A-EED5-46C1-97B6-45A0335BCA33}"
EndProject
Project("{2150E333-8FDC-42A3-9474-1A3956D46DE8}") = "03.Persistencia", "03.Persistencia", "{F8AEF88E-41C0-48F7-A30D-2D861170569C}"
EndProject
Project("{2150E333-8FDC-42A3-9474-1A3956D46DE8}") = "04.Modelo", "04.Modelo", "{3E00FBE8-02A6-4DD8-AE9B-1E57B8A176F8}"
EndProject
Project("{9A19103F-16F7-4668-BE54-9A1E7A4F7556}") = "Catalogo.Dominio", "src\Servicios\Catalogo\Catalogo.Dominio\Catalogo.Dominio.csproj", "{CC8E5267-DA84-4B37-85DB-49254766D41E}"
EndProject
Project("{9A19103F-16F7-4668-BE54-9A1E7A4F7556}") = "Catalogo.Persistencia.BaseDatos", "src\Servicios\Catalogo\Catalogo.Persistencia.BaseDatos\Catalogo.Persistencia.BaseDatos.csproj", "{B06C6C31-EEC1-44FF-9CAD-D3097C0D401D}"
EndProject
Project("{9A19103F-16F7-4668-BE54-9A1E7A4F7556}") = "Catalogo.Servicio.Queries", "src\Servicios\Catalogo\Catalogo.Servicio.Queries\Catalogo.Servicio.Queries.csproj", "{FEAF5208-D4AA-4ED2-B963-923A11F32D4D}"
EndProject
Project("{2150E333-8FDC-42A3-9474-1A3956D46DE8}") = "Comun", "Comun", "{2E6BAB36-9FEA-4B3D-B84D-2B8D736EF621}"
EndProject
Project("{9A19103F-16F7-4668-BE54-9A1E7A4F7556}") = "Servicio.Comun.Mapping", "src\Servicios\Comun\Servicio.Comun.Mapping\Servicio.Comun.Mapping.csproj", "{53FB54FC-9DC7-4902-99B4-2D112CE699A8}"
EndProject
Project("{9A19103F-16F7-4668-BE54-9A1E7A4F7556}") = "Servicios.Comun.Modelos", "src\Servicios\Comun\Servicios.Comun.Modelos\Servicios.Comun.Modelos.csproj", "{4CBABD3B-B4B5-45A5-AFF2-C9123EA907F2}"
EndProject
Project("{2150E333-8FDC-42A3-9474-1A3956D46DE8}") = "01.Api", "01.Api", "{CA8A1BE5-28F8-4CAD-B199-C125314B83D9}"
EndProject
Project("{2150E333-8FDC-42A3-9474-1A3956D46DE8}") = "02.Servicio", "02.Servicio", "{017C83C0-9499-42DF-B927-3B54B9B777F3}"
EndProject
Project("{2150E333-8FDC-42A3-9474-1A3956D46DE8}") = "03.Persistencia", "03.Persistencia", "{CBC5197A-433B-4317-90C8-87609DE323E6}"
EndProject
Project("{2150E333-8FDC-42A3-9474-1A3956D46DE8}") = "04.Modelo", "04.Modelo", "{076BE5FC-2888-4A44-BEBD-9405DADFD436}"
EndProject
Project("{9A19103F-16F7-4668-BE54-9A1E7A4F7556}") = "Pedido.Api", "src\Servicios\Pedido\Pedido.Api\Pedido.Api.csproj", "{795E62D2-2B21-435A-BF1E-9EDC94100839}"
EndProject
Project("{9A19103F-16F7-4668-BE54-9A1E7A4F7556}") = "Pedido.Dominio", "src\Servicios\Pedido\Pedido.Modelo\Pedido.Dominio.csproj", "{B50471FE-9B68-42CB-89B4-C76EE0E140BA}"
EndProject
Project("{9A19103F-16F7-4668-BE54-9A1E7A4F7556}") = "Pedido.Persistencia.BaseDatos", "src\Servicios\Pedido\Pedido.Persistencia.BaseDatos\Pedido.Persistencia.BaseDatos.csproj", "{E6B24E4A-C86E-416E-AB87-4C071140F7E8}"
EndProject
Project("{9A19103F-16F7-4668-BE54-9A1E7A4F7556}") = "Pedido.Servicio.EventHandlers", "src\Servicios\Pedido\Pedido.Servicio.EventHandlers\Pedido.Servicio.EventHandlers.csproj", "{5027B58C-4B27-4A14-8B44-A973BE5F68FC}"
EndProject
Project("{2150E333-8FDC-42A3-9474-1A3956D46DE8}") = "01.Api", "01.Api", "{82A80450-235D-49AE-964F-B3FD6C4112D4}"
EndProject
Project("{2150E333-8FDC-42A3-9474-1A3956D46DE8}") = "02.Serivicio", "02.Serivicio", "{A89195AC-84C4-4E5E-8B9D-4D605535193E}"
EndProject
Project("{2150E333-8FDC-42A3-9474-1A3956D46DE8}") = "03.Persistencia", "03.Persistencia", "{9DC5909D-19E5-45FF-A380-804D0223F562}"
EndProject
Project("{2150E333-8FDC-42A3-9474-1A3956D46DE8}") = "04.Modelo", "04.Modelo", "{191C4275-010C-4DA6-A184-707FFE21407D}"
EndProject
Project("{9A19103F-16F7-4668-BE54-9A1E7A4F7556}") = "Identidad.Dominio", "src\Servicios\Identidad\Identidad.Dominio\Identidad.Dominio.csproj", "{5C07827D-BC22-409A-87AF-E0462DAFEEFE}"
EndProject
Project("{9A19103F-16F7-4668-BE54-9A1E7A4F7556}") = "Identidad.Persistencia.BaseDatos", "src\Servicios\Identidad\Identidad.Persistencia.BaseDatos\Identidad.Persistencia.BaseDatos.csproj", "{F5449127-BF2B-40AA-8EBF-13845A7467A7}"
EndProject
Project("{9A19103F-16F7-4668-BE54-9A1E7A4F7556}") = "Identidad.Api", "src\Servicios\Identidad\Identidad.Api\Identidad.Api.csproj", "{D64961FF-E3B5-468B-8A3A-A80481D784B3}"
EndProject
Project("{9A19103F-16F7-4668-BE54-9A1E7A4F7556}") = "Identidad.Servicio.EventHandlers", "src\Servicios\Identidad\Identidad.Servicio.EventHandlers\Identidad.Servicio.EventHandlers.csproj", "{E765E53F-9A8D-4A90-9B9B-12667524BD36}"
EndProject
Project("{FAE04EC0-301F-11D3-BF4B-00C04F79EFBC}") = "Pedido.Servicio.Queries", "src\Servicios\Pedido\Pedido.Servicio.Queries\Pedido.Servicio.Queries.csproj", "{32C5C716-56D5-4371-A415-DF3832A2059F}"
EndProject
Project("{FAE04EC0-301F-11D3-BF4B-00C04F79EFBC}") = "Cliente.Web.Autenticacion", "src\Cliente\Cliente.Web.Autenticacion\Cliente.Web.Autenticacion.csproj", "{115690F3-508F-47B3-B033-41966541D558}"
EndProject
Project("{FAE04EC0-301F-11D3-BF4B-00C04F79EFBC}") = "Cliente.Web.Comercio", "src\Cliente\Cliente.Web.Comercio\Cliente.Web.Comercio.csproj", "{98946726-2497-41AD-A53E-6BC8F33CA990}"
EndProject
Global
	GlobalSection(SolutionConfigurationPlatforms) = preSolution
		Debug|Any CPU = Debug|Any CPU
		Release|Any CPU = Release|Any CPU
	EndGlobalSection
	GlobalSection(ProjectConfigurationPlatforms) = postSolution
		{4ECA5356-3C0B-41EB-AB95-EAD0AC0F1265}.Debug|Any CPU.ActiveCfg = Debug|Any CPU
		{4ECA5356-3C0B-41EB-AB95-EAD0AC0F1265}.Debug|Any CPU.Build.0 = Debug|Any CPU
		{4ECA5356-3C0B-41EB-AB95-EAD0AC0F1265}.Release|Any CPU.ActiveCfg = Release|Any CPU
		{4ECA5356-3C0B-41EB-AB95-EAD0AC0F1265}.Release|Any CPU.Build.0 = Release|Any CPU
		{CC8E5267-DA84-4B37-85DB-49254766D41E}.Debug|Any CPU.ActiveCfg = Debug|Any CPU
		{CC8E5267-DA84-4B37-85DB-49254766D41E}.Debug|Any CPU.Build.0 = Debug|Any CPU
		{CC8E5267-DA84-4B37-85DB-49254766D41E}.Release|Any CPU.ActiveCfg = Release|Any CPU
		{CC8E5267-DA84-4B37-85DB-49254766D41E}.Release|Any CPU.Build.0 = Release|Any CPU
		{B06C6C31-EEC1-44FF-9CAD-D3097C0D401D}.Debug|Any CPU.ActiveCfg = Debug|Any CPU
		{B06C6C31-EEC1-44FF-9CAD-D3097C0D401D}.Debug|Any CPU.Build.0 = Debug|Any CPU
		{B06C6C31-EEC1-44FF-9CAD-D3097C0D401D}.Release|Any CPU.ActiveCfg = Release|Any CPU
		{B06C6C31-EEC1-44FF-9CAD-D3097C0D401D}.Release|Any CPU.Build.0 = Release|Any CPU
		{FEAF5208-D4AA-4ED2-B963-923A11F32D4D}.Debug|Any CPU.ActiveCfg = Debug|Any CPU
		{FEAF5208-D4AA-4ED2-B963-923A11F32D4D}.Debug|Any CPU.Build.0 = Debug|Any CPU
		{FEAF5208-D4AA-4ED2-B963-923A11F32D4D}.Release|Any CPU.ActiveCfg = Release|Any CPU
		{FEAF5208-D4AA-4ED2-B963-923A11F32D4D}.Release|Any CPU.Build.0 = Release|Any CPU
		{53FB54FC-9DC7-4902-99B4-2D112CE699A8}.Debug|Any CPU.ActiveCfg = Debug|Any CPU
		{53FB54FC-9DC7-4902-99B4-2D112CE699A8}.Debug|Any CPU.Build.0 = Debug|Any CPU
		{53FB54FC-9DC7-4902-99B4-2D112CE699A8}.Release|Any CPU.ActiveCfg = Release|Any CPU
		{53FB54FC-9DC7-4902-99B4-2D112CE699A8}.Release|Any CPU.Build.0 = Release|Any CPU
		{4CBABD3B-B4B5-45A5-AFF2-C9123EA907F2}.Debug|Any CPU.ActiveCfg = Debug|Any CPU
		{4CBABD3B-B4B5-45A5-AFF2-C9123EA907F2}.Debug|Any CPU.Build.0 = Debug|Any CPU
		{4CBABD3B-B4B5-45A5-AFF2-C9123EA907F2}.Release|Any CPU.ActiveCfg = Release|Any CPU
		{4CBABD3B-B4B5-45A5-AFF2-C9123EA907F2}.Release|Any CPU.Build.0 = Release|Any CPU
		{795E62D2-2B21-435A-BF1E-9EDC94100839}.Debug|Any CPU.ActiveCfg = Debug|Any CPU
		{795E62D2-2B21-435A-BF1E-9EDC94100839}.Debug|Any CPU.Build.0 = Debug|Any CPU
		{795E62D2-2B21-435A-BF1E-9EDC94100839}.Release|Any CPU.ActiveCfg = Release|Any CPU
		{795E62D2-2B21-435A-BF1E-9EDC94100839}.Release|Any CPU.Build.0 = Release|Any CPU
		{B50471FE-9B68-42CB-89B4-C76EE0E140BA}.Debug|Any CPU.ActiveCfg = Debug|Any CPU
		{B50471FE-9B68-42CB-89B4-C76EE0E140BA}.Debug|Any CPU.Build.0 = Debug|Any CPU
		{B50471FE-9B68-42CB-89B4-C76EE0E140BA}.Release|Any CPU.ActiveCfg = Release|Any CPU
		{B50471FE-9B68-42CB-89B4-C76EE0E140BA}.Release|Any CPU.Build.0 = Release|Any CPU
		{E6B24E4A-C86E-416E-AB87-4C071140F7E8}.Debug|Any CPU.ActiveCfg = Debug|Any CPU
		{E6B24E4A-C86E-416E-AB87-4C071140F7E8}.Debug|Any CPU.Build.0 = Debug|Any CPU
		{E6B24E4A-C86E-416E-AB87-4C071140F7E8}.Release|Any CPU.ActiveCfg = Release|Any CPU
		{E6B24E4A-C86E-416E-AB87-4C071140F7E8}.Release|Any CPU.Build.0 = Release|Any CPU
		{5027B58C-4B27-4A14-8B44-A973BE5F68FC}.Debug|Any CPU.ActiveCfg = Debug|Any CPU
		{5027B58C-4B27-4A14-8B44-A973BE5F68FC}.Debug|Any CPU.Build.0 = Debug|Any CPU
		{5027B58C-4B27-4A14-8B44-A973BE5F68FC}.Release|Any CPU.ActiveCfg = Release|Any CPU
		{5027B58C-4B27-4A14-8B44-A973BE5F68FC}.Release|Any CPU.Build.0 = Release|Any CPU
		{5C07827D-BC22-409A-87AF-E0462DAFEEFE}.Debug|Any CPU.ActiveCfg = Debug|Any CPU
		{5C07827D-BC22-409A-87AF-E0462DAFEEFE}.Debug|Any CPU.Build.0 = Debug|Any CPU
		{5C07827D-BC22-409A-87AF-E0462DAFEEFE}.Release|Any CPU.ActiveCfg = Release|Any CPU
		{5C07827D-BC22-409A-87AF-E0462DAFEEFE}.Release|Any CPU.Build.0 = Release|Any CPU
		{F5449127-BF2B-40AA-8EBF-13845A7467A7}.Debug|Any CPU.ActiveCfg = Debug|Any CPU
		{F5449127-BF2B-40AA-8EBF-13845A7467A7}.Debug|Any CPU.Build.0 = Debug|Any CPU
		{F5449127-BF2B-40AA-8EBF-13845A7467A7}.Release|Any CPU.ActiveCfg = Release|Any CPU
		{F5449127-BF2B-40AA-8EBF-13845A7467A7}.Release|Any CPU.Build.0 = Release|Any CPU
		{D64961FF-E3B5-468B-8A3A-A80481D784B3}.Debug|Any CPU.ActiveCfg = Debug|Any CPU
		{D64961FF-E3B5-468B-8A3A-A80481D784B3}.Debug|Any CPU.Build.0 = Debug|Any CPU
		{D64961FF-E3B5-468B-8A3A-A80481D784B3}.Release|Any CPU.ActiveCfg = Release|Any CPU
		{D64961FF-E3B5-468B-8A3A-A80481D784B3}.Release|Any CPU.Build.0 = Release|Any CPU
		{E765E53F-9A8D-4A90-9B9B-12667524BD36}.Debug|Any CPU.ActiveCfg = Debug|Any CPU
		{E765E53F-9A8D-4A90-9B9B-12667524BD36}.Debug|Any CPU.Build.0 = Debug|Any CPU
		{E765E53F-9A8D-4A90-9B9B-12667524BD36}.Release|Any CPU.ActiveCfg = Release|Any CPU
		{E765E53F-9A8D-4A90-9B9B-12667524BD36}.Release|Any CPU.Build.0 = Release|Any CPU
		{32C5C716-56D5-4371-A415-DF3832A2059F}.Debug|Any CPU.ActiveCfg = Debug|Any CPU
		{32C5C716-56D5-4371-A415-DF3832A2059F}.Debug|Any CPU.Build.0 = Debug|Any CPU
		{32C5C716-56D5-4371-A415-DF3832A2059F}.Release|Any CPU.ActiveCfg = Release|Any CPU
		{32C5C716-56D5-4371-A415-DF3832A2059F}.Release|Any CPU.Build.0 = Release|Any CPU
		{115690F3-508F-47B3-B033-41966541D558}.Debug|Any CPU.ActiveCfg = Debug|Any CPU
		{115690F3-508F-47B3-B033-41966541D558}.Debug|Any CPU.Build.0 = Debug|Any CPU
		{115690F3-508F-47B3-B033-41966541D558}.Release|Any CPU.ActiveCfg = Release|Any CPU
		{115690F3-508F-47B3-B033-41966541D558}.Release|Any CPU.Build.0 = Release|Any CPU
		{98946726-2497-41AD-A53E-6BC8F33CA990}.Debug|Any CPU.ActiveCfg = Debug|Any CPU
		{98946726-2497-41AD-A53E-6BC8F33CA990}.Debug|Any CPU.Build.0 = Debug|Any CPU
		{98946726-2497-41AD-A53E-6BC8F33CA990}.Release|Any CPU.ActiveCfg = Release|Any CPU
		{98946726-2497-41AD-A53E-6BC8F33CA990}.Release|Any CPU.Build.0 = Release|Any CPU
	EndGlobalSection
	GlobalSection(SolutionProperties) = preSolution
		HideSolutionNode = FALSE
	EndGlobalSection
	GlobalSection(NestedProjects) = preSolution
		{5464E25F-534E-49C2-BCE8-B07CB2927640} = {A6E381E2-3D26-4FAD-8361-9AAFE20BD97B}
		{2312256E-9C85-4509-BAE6-0EB335766185} = {A6E381E2-3D26-4FAD-8361-9AAFE20BD97B}
		{B893929E-133E-42CE-9CFF-5980B4B62B54} = {A6E381E2-3D26-4FAD-8361-9AAFE20BD97B}
		{4ECA5356-3C0B-41EB-AB95-EAD0AC0F1265} = {F8876357-0C07-4413-B654-A13AC95EF6BB}
		{F8876357-0C07-4413-B654-A13AC95EF6BB} = {2312256E-9C85-4509-BAE6-0EB335766185}
		{7DF5FB6A-EED5-46C1-97B6-45A0335BCA33} = {2312256E-9C85-4509-BAE6-0EB335766185}
		{F8AEF88E-41C0-48F7-A30D-2D861170569C} = {2312256E-9C85-4509-BAE6-0EB335766185}
		{3E00FBE8-02A6-4DD8-AE9B-1E57B8A176F8} = {2312256E-9C85-4509-BAE6-0EB335766185}
		{CC8E5267-DA84-4B37-85DB-49254766D41E} = {3E00FBE8-02A6-4DD8-AE9B-1E57B8A176F8}
		{B06C6C31-EEC1-44FF-9CAD-D3097C0D401D} = {F8AEF88E-41C0-48F7-A30D-2D861170569C}
		{FEAF5208-D4AA-4ED2-B963-923A11F32D4D} = {7DF5FB6A-EED5-46C1-97B6-45A0335BCA33}
		{2E6BAB36-9FEA-4B3D-B84D-2B8D736EF621} = {A6E381E2-3D26-4FAD-8361-9AAFE20BD97B}
		{53FB54FC-9DC7-4902-99B4-2D112CE699A8} = {2E6BAB36-9FEA-4B3D-B84D-2B8D736EF621}
		{4CBABD3B-B4B5-45A5-AFF2-C9123EA907F2} = {2E6BAB36-9FEA-4B3D-B84D-2B8D736EF621}
		{CA8A1BE5-28F8-4CAD-B199-C125314B83D9} = {B893929E-133E-42CE-9CFF-5980B4B62B54}
		{017C83C0-9499-42DF-B927-3B54B9B777F3} = {B893929E-133E-42CE-9CFF-5980B4B62B54}
		{CBC5197A-433B-4317-90C8-87609DE323E6} = {B893929E-133E-42CE-9CFF-5980B4B62B54}
		{076BE5FC-2888-4A44-BEBD-9405DADFD436} = {B893929E-133E-42CE-9CFF-5980B4B62B54}
		{795E62D2-2B21-435A-BF1E-9EDC94100839} = {CA8A1BE5-28F8-4CAD-B199-C125314B83D9}
		{B50471FE-9B68-42CB-89B4-C76EE0E140BA} = {076BE5FC-2888-4A44-BEBD-9405DADFD436}
		{E6B24E4A-C86E-416E-AB87-4C071140F7E8} = {CBC5197A-433B-4317-90C8-87609DE323E6}
		{5027B58C-4B27-4A14-8B44-A973BE5F68FC} = {017C83C0-9499-42DF-B927-3B54B9B777F3}
		{82A80450-235D-49AE-964F-B3FD6C4112D4} = {5464E25F-534E-49C2-BCE8-B07CB2927640}
		{A89195AC-84C4-4E5E-8B9D-4D605535193E} = {5464E25F-534E-49C2-BCE8-B07CB2927640}
		{9DC5909D-19E5-45FF-A380-804D0223F562} = {5464E25F-534E-49C2-BCE8-B07CB2927640}
		{191C4275-010C-4DA6-A184-707FFE21407D} = {5464E25F-534E-49C2-BCE8-B07CB2927640}
		{5C07827D-BC22-409A-87AF-E0462DAFEEFE} = {191C4275-010C-4DA6-A184-707FFE21407D}
		{F5449127-BF2B-40AA-8EBF-13845A7467A7} = {9DC5909D-19E5-45FF-A380-804D0223F562}
		{D64961FF-E3B5-468B-8A3A-A80481D784B3} = {82A80450-235D-49AE-964F-B3FD6C4112D4}
		{E765E53F-9A8D-4A90-9B9B-12667524BD36} = {A89195AC-84C4-4E5E-8B9D-4D605535193E}
		{32C5C716-56D5-4371-A415-DF3832A2059F} = {017C83C0-9499-42DF-B927-3B54B9B777F3}
		{115690F3-508F-47B3-B033-41966541D558} = {FD0B96C1-A02D-420C-B8A3-19BDD87031CC}
		{98946726-2497-41AD-A53E-6BC8F33CA990} = {FD0B96C1-A02D-420C-B8A3-19BDD87031CC}
	EndGlobalSection
	GlobalSection(ExtensibilityGlobals) = postSolution
		SolutionGuid = {F560DF3F-439A-40F4-8D08-32A9D8E83FFF}
	EndGlobalSection
EndGlobal
